
Microsoft Visual Studio Solution File, Format Version 12.00
Project("{FAE04EC0-301F-11D3-BF4B-00C04F79EFBC}") = "Lienophino.Web", "Lienophino.Web\Lienophino.Web.csproj", "{796A2955-C3B7-4AB2-A970-D9F61268F57E}"
EndProject
Project("{FAE04EC0-301F-11D3-BF4B-00C04F79EFBC}") = "Lienophino.Web.Tests", "Lienophino.Web.Tests\Lienophino.Web.Tests.csproj", "{DA8D2219-2C57-4068-8B51-2BFD61BA8420}"
EndProject
Project("{FAE04EC0-301F-11D3-BF4B-00C04F79EFBC}") = "Lienophino.Core", "Lienophino.Core\Lienophino.Core.csproj", "{A5907846-4C90-460E-A3B7-50D69DAC9E7A}"
EndProject
Project("{FAE04EC0-301F-11D3-BF4B-00C04F79EFBC}") = "Lienophino.Data", "Lienophino.Data\Lienophino.Data.csproj", "{4FF13D4A-04EC-417B-904A-47D2ACAB857E}"
EndProject
Project("{FAE04EC0-301F-11D3-BF4B-00C04F79EFBC}") = "Blobs.Abstractions", "Blobs\Blobs.Abstractions\Blobs.Abstractions.csproj", "{FCEB12D5-34FA-4E97-8FBA-81727C93F847}"
EndProject
Project("{2150E333-8FDC-42A3-9474-1A3956D46DE8}") = "Blobs", "Blobs", "{DB554A3A-040B-48F7-A39D-F0C9B54C686C}"
EndProject
Project("{FAE04EC0-301F-11D3-BF4B-00C04F79EFBC}") = "Utils", "Utils\Utils\Utils.csproj", "{7D2FCFB1-56E4-47AD-BB47-F47274A5A8FC}"
EndProject
Project("{2150E333-8FDC-42A3-9474-1A3956D46DE8}") = "Utils", "Utils", "{FCF331D5-DD1E-4731-B19C-A3CE24400ED7}"
EndProject
Project("{FAE04EC0-301F-11D3-BF4B-00C04F79EFBC}") = "Utils.Tests", "Utils\Utils.Tests\Utils.Tests.csproj", "{35BD612F-6C0A-4025-AC4B-B19912A74201}"
EndProject
Project("{FAE04EC0-301F-11D3-BF4B-00C04F79EFBC}") = "Blobs.Fs", "Blobs\Blobs.Fs\Blobs.Fs.csproj", "{5ED5D12D-4439-4098-8829-5FB50AB57222}"
EndProject
Project("{FAE04EC0-301F-11D3-BF4B-00C04F79EFBC}") = "Blobs.Fs.Tests", "Blobs\Blobs.Fs.Tests\Blobs.Fs.Tests.csproj", "{E96418E5-6683-4845-932D-57F9895E61CC}"
EndProject
Project("{FAE04EC0-301F-11D3-BF4B-00C04F79EFBC}") = "Utils.Testing", "Utils\Utils.Testing\Utils.Testing.csproj", "{7426A1C4-2B45-48A0-9FF5-4274F3E989E4}"
EndProject
Global
	GlobalSection(SolutionConfigurationPlatforms) = preSolution
		Debug|Any CPU = Debug|Any CPU
		Release|Any CPU = Release|Any CPU
	EndGlobalSection
	GlobalSection(ProjectConfigurationPlatforms) = postSolution
		{796A2955-C3B7-4AB2-A970-D9F61268F57E}.Debug|Any CPU.ActiveCfg = Debug|Any CPU
		{796A2955-C3B7-4AB2-A970-D9F61268F57E}.Debug|Any CPU.Build.0 = Debug|Any CPU
		{796A2955-C3B7-4AB2-A970-D9F61268F57E}.Release|Any CPU.ActiveCfg = Release|Any CPU
		{796A2955-C3B7-4AB2-A970-D9F61268F57E}.Release|Any CPU.Build.0 = Release|Any CPU
		{DA8D2219-2C57-4068-8B51-2BFD61BA8420}.Debug|Any CPU.ActiveCfg = Debug|Any CPU
		{DA8D2219-2C57-4068-8B51-2BFD61BA8420}.Debug|Any CPU.Build.0 = Debug|Any CPU
		{DA8D2219-2C57-4068-8B51-2BFD61BA8420}.Release|Any CPU.ActiveCfg = Release|Any CPU
		{DA8D2219-2C57-4068-8B51-2BFD61BA8420}.Release|Any CPU.Build.0 = Release|Any CPU
		{A5907846-4C90-460E-A3B7-50D69DAC9E7A}.Debug|Any CPU.ActiveCfg = Debug|Any CPU
		{A5907846-4C90-460E-A3B7-50D69DAC9E7A}.Debug|Any CPU.Build.0 = Debug|Any CPU
		{A5907846-4C90-460E-A3B7-50D69DAC9E7A}.Release|Any CPU.ActiveCfg = Release|Any CPU
		{A5907846-4C90-460E-A3B7-50D69DAC9E7A}.Release|Any CPU.Build.0 = Release|Any CPU
		{4FF13D4A-04EC-417B-904A-47D2ACAB857E}.Debug|Any CPU.ActiveCfg = Debug|Any CPU
		{4FF13D4A-04EC-417B-904A-47D2ACAB857E}.Debug|Any CPU.Build.0 = Debug|Any CPU
		{4FF13D4A-04EC-417B-904A-47D2ACAB857E}.Release|Any CPU.ActiveCfg = Release|Any CPU
		{4FF13D4A-04EC-417B-904A-47D2ACAB857E}.Release|Any CPU.Build.0 = Release|Any CPU
		{FCEB12D5-34FA-4E97-8FBA-81727C93F847}.Debug|Any CPU.ActiveCfg = Debug|Any CPU
		{FCEB12D5-34FA-4E97-8FBA-81727C93F847}.Debug|Any CPU.Build.0 = Debug|Any CPU
		{FCEB12D5-34FA-4E97-8FBA-81727C93F847}.Release|Any CPU.ActiveCfg = Release|Any CPU
		{FCEB12D5-34FA-4E97-8FBA-81727C93F847}.Release|Any CPU.Build.0 = Release|Any CPU
		{7D2FCFB1-56E4-47AD-BB47-F47274A5A8FC}.Debug|Any CPU.ActiveCfg = Debug|Any CPU
		{7D2FCFB1-56E4-47AD-BB47-F47274A5A8FC}.Debug|Any CPU.Build.0 = Debug|Any CPU
		{7D2FCFB1-56E4-47AD-BB47-F47274A5A8FC}.Release|Any CPU.ActiveCfg = Release|Any CPU
		{7D2FCFB1-56E4-47AD-BB47-F47274A5A8FC}.Release|Any CPU.Build.0 = Release|Any CPU
		{35BD612F-6C0A-4025-AC4B-B19912A74201}.Debug|Any CPU.ActiveCfg = Debug|Any CPU
		{35BD612F-6C0A-4025-AC4B-B19912A74201}.Debug|Any CPU.Build.0 = Debug|Any CPU
		{35BD612F-6C0A-4025-AC4B-B19912A74201}.Release|Any CPU.ActiveCfg = Release|Any CPU
		{35BD612F-6C0A-4025-AC4B-B19912A74201}.Release|Any CPU.Build.0 = Release|Any CPU
		{5ED5D12D-4439-4098-8829-5FB50AB57222}.Debug|Any CPU.ActiveCfg = Debug|Any CPU
		{5ED5D12D-4439-4098-8829-5FB50AB57222}.Debug|Any CPU.Build.0 = Debug|Any CPU
		{5ED5D12D-4439-4098-8829-5FB50AB57222}.Release|Any CPU.ActiveCfg = Release|Any CPU
		{5ED5D12D-4439-4098-8829-5FB50AB57222}.Release|Any CPU.Build.0 = Release|Any CPU
		{E96418E5-6683-4845-932D-57F9895E61CC}.Debug|Any CPU.ActiveCfg = Debug|Any CPU
		{E96418E5-6683-4845-932D-57F9895E61CC}.Debug|Any CPU.Build.0 = Debug|Any CPU
		{E96418E5-6683-4845-932D-57F9895E61CC}.Release|Any CPU.ActiveCfg = Release|Any CPU
		{E96418E5-6683-4845-932D-57F9895E61CC}.Release|Any CPU.Build.0 = Release|Any CPU
		{7426A1C4-2B45-48A0-9FF5-4274F3E989E4}.Debug|Any CPU.ActiveCfg = Debug|Any CPU
		{7426A1C4-2B45-48A0-9FF5-4274F3E989E4}.Debug|Any CPU.Build.0 = Debug|Any CPU
		{7426A1C4-2B45-48A0-9FF5-4274F3E989E4}.Release|Any CPU.ActiveCfg = Release|Any CPU
		{7426A1C4-2B45-48A0-9FF5-4274F3E989E4}.Release|Any CPU.Build.0 = Release|Any CPU
	EndGlobalSection
	GlobalSection(NestedProjects) = preSolution
		{FCEB12D5-34FA-4E97-8FBA-81727C93F847} = {DB554A3A-040B-48F7-A39D-F0C9B54C686C}
		{7D2FCFB1-56E4-47AD-BB47-F47274A5A8FC} = {FCF331D5-DD1E-4731-B19C-A3CE24400ED7}
		{35BD612F-6C0A-4025-AC4B-B19912A74201} = {FCF331D5-DD1E-4731-B19C-A3CE24400ED7}
		{5ED5D12D-4439-4098-8829-5FB50AB57222} = {DB554A3A-040B-48F7-A39D-F0C9B54C686C}
		{E96418E5-6683-4845-932D-57F9895E61CC} = {DB554A3A-040B-48F7-A39D-F0C9B54C686C}
		{7426A1C4-2B45-48A0-9FF5-4274F3E989E4} = {FCF331D5-DD1E-4731-B19C-A3CE24400ED7}
	EndGlobalSection
EndGlobal
